// !$*UTF8*$!
{
	archiveVersion = 1;
	classes = {
	};
	objectVersion = 50;
	objects = {

/* Begin PBXBuildFile section */
		36DC279223EAC5A700C4A6AC /* AppDelegate.swift in Sources */ = {isa = PBXBuildFile; fileRef = 36DC279123EAC5A700C4A6AC /* AppDelegate.swift */; };
		36DC279423EAC5A700C4A6AC /* SceneDelegate.swift in Sources */ = {isa = PBXBuildFile; fileRef = 36DC279323EAC5A700C4A6AC /* SceneDelegate.swift */; };
		36DC279623EAC5A700C4A6AC /* ViewController.swift in Sources */ = {isa = PBXBuildFile; fileRef = 36DC279523EAC5A700C4A6AC /* ViewController.swift */; };
		36DC279923EAC5A700C4A6AC /* Main.storyboard in Resources */ = {isa = PBXBuildFile; fileRef = 36DC279723EAC5A700C4A6AC /* Main.storyboard */; };
		36DC279B23EAC5A800C4A6AC /* Assets.xcassets in Resources */ = {isa = PBXBuildFile; fileRef = 36DC279A23EAC5A800C4A6AC /* Assets.xcassets */; };
		36DC279E23EAC5A800C4A6AC /* LaunchScreen.storyboard in Resources */ = {isa = PBXBuildFile; fileRef = 36DC279C23EAC5A800C4A6AC /* LaunchScreen.storyboard */; };
/* End PBXBuildFile section */

/* Begin PBXFileReference section */
		36DC278E23EAC5A700C4A6AC /* AddRowToTableView.app */ = {isa = PBXFileReference; explicitFileType = wrapper.application; includeInIndex = 0; path = AddRowToTableView.app; sourceTree = BUILT_PRODUCTS_DIR; };
		36DC279123EAC5A700C4A6AC /* AppDelegate.swift */ = {isa = PBXFileReference; lastKnownFileType = sourcecode.swift; path = AppDelegate.swift; sourceTree = "<group>"; };
		36DC279323EAC5A700C4A6AC /* SceneDelegate.swift */ = {isa = PBXFileReference; lastKnownFileType = sourcecode.swift; path = SceneDelegate.swift; sourceTree = "<group>"; };
		36DC279523EAC5A700C4A6AC /* ViewController.swift */ = {isa = PBXFileReference; lastKnownFileType = sourcecode.swift; path = ViewController.swift; sourceTree = "<group>"; };
		36DC279823EAC5A700C4A6AC /* Base */ = {isa = PBXFileReference; lastKnownFileType = file.storyboard; name = Base; path = Base.lproj/Main.storyboard; sourceTree = "<group>"; };
		36DC279A23EAC5A800C4A6AC /* Assets.xcassets */ = {isa = PBXFileReference; lastKnownFileType = folder.assetcatalog; path = Assets.xcassets; sourceTree = "<group>"; };
		36DC279D23EAC5A800C4A6AC /* Base */ = {isa = PBXFileReference; lastKnownFileType = file.storyboard; name = Base; path = Base.lproj/LaunchScreen.storyboard; sourceTree = "<group>"; };
		36DC279F23EAC5A800C4A6AC /* Info.plist */ = {isa = PBXFileReference; lastKnownFileType = text.plist.xml; path = Info.plist; sourceTree = "<group>"; };
/* End PBXFileReference section */

/* Begin PBXFrameworksBuildPhase section */
		36DC278B23EAC5A700C4A6AC /* Frameworks */ = {
			isa = PBXFrameworksBuildPhase;
			buildActionMask = 2147483647;
			files = (
			);
			runOnlyForDeploymentPostprocessing = 0;
		};
/* End PBXFrameworksBuildPhase section */

/* Begin PBXGroup section */
		36DC278523EAC5A700C4A6AC = {
			isa = PBXGroup;
			children = (
				36DC279023EAC5A700C4A6AC /* AddRowToTableView */,
				36DC278F23EAC5A700C4A6AC /* Products */,
			);
			sourceTree = "<group>";
		};
		36DC278F23EAC5A700C4A6AC /* Products */ = {
			isa = PBXGroup;
			children = (
				36DC278E23EAC5A700C4A6AC /* AddRowToTableView.app */,
			);
			name = Products;
			sourceTree = "<group>";
		};
		36DC279023EAC5A700C4A6AC /* AddRowToTableView */ = {
			isa = PBXGroup;
			children = (
				36DC279123EAC5A700C4A6AC /* AppDelegate.swift */,
				36DC279323EAC5A700C4A6AC /* SceneDelegate.swift */,
				36DC279523EAC5A700C4A6AC /* ViewController.swift */,
				36DC279723EAC5A700C4A6AC /* Main.storyboard */,
				36DC279A23EAC5A800C4A6AC /* Assets.xcassets */,
				36DC279C23EAC5A800C4A6AC /* LaunchScreen.storyboard */,
				36DC279F23EAC5A800C4A6AC /* Info.plist */,
			);
			path = AddRowToTableView;
			sourceTree = "<group>";
		};
/* End PBXGroup section */

/* Begin PBXNativeTarget section */
		36DC278D23EAC5A700C4A6AC /* AddRowToTableView */ = {
			isa = PBXNativeTarget;
			buildConfigurationList = 36DC27A223EAC5A800C4A6AC /* Build configuration list for PBXNativeTarget "AddRowToTableView" */;
			buildPhases = (
				36DC278A23EAC5A700C4A6AC /* Sources */,
				36DC278B23EAC5A700C4A6AC /* Frameworks */,
				36DC278C23EAC5A700C4A6AC /* Resources */,
			);
			buildRules = (
			);
			dependencies = (
			);
			name = AddRowToTableView;
			productName = AddRowToTableView;
			productReference = 36DC278E23EAC5A700C4A6AC /* AddRowToTableView.app */;
			productType = "com.apple.product-type.application";
		};
/* End PBXNativeTarget section */

/* Begin PBXProject section */
		36DC278623EAC5A700C4A6AC /* Project object */ = {
			isa = PBXProject;
			attributes = {
				LastSwiftUpdateCheck = 1130;
				LastUpgradeCheck = 1130;
				ORGANIZATIONNAME = ProgrammingWithSwift;
				TargetAttributes = {
					36DC278D23EAC5A700C4A6AC = {
						CreatedOnToolsVersion = 11.3.1;
					};
				};
			};
			buildConfigurationList = 36DC278923EAC5A700C4A6AC /* Build configuration list for PBXProject "AddRowToTableView" */;
			compatibilityVersion = "Xcode 9.3";
			developmentRegion = en;
			hasScannedForEncodings = 0;
			knownRegions = (
				en,
				Base,
			);
			mainGroup = 36DC278523EAC5A700C4A6AC;
			productRefGroup = 36DC278F23EAC5A700C4A6AC /* Products */;
			projectDirPath = "";
			projectRoot = "";
			targets = (
				36DC278D23EAC5A700C4A6AC /* AddRowToTableView */,
			);
		};
/* End PBXProject section */

/* Begin PBXResourcesBuildPhase section */
		36DC278C23EAC5A700C4A6AC /* Resources */ = {
			isa = PBXResourcesBuildPhase;
			buildActionMask = 2147483647;
			files = (
				36DC279E23EAC5A800C4A6AC /* LaunchScreen.storyboard in Resources */,
				36DC279B23EAC5A800C4A6AC /* Assets.xcassets in Resources */,
				36DC279923EAC5A700C4A6AC /* Main.storyboard in Resources */,
			);
			runOnlyForDeploymentPostprocessing = 0;
		};
/* End PBXResourcesBuildPhase section */

/* Begin PBXSourcesBuildPhase section */
		36DC278A23EAC5A700C4A6AC /* Sources */ = {
			isa = PBXSourcesBuildPhase;
			buildActionMask = 2147483647;
			files = (
				36DC279623EAC5A700C4A6AC /* ViewController.swift in Sources */,
				36DC279223EAC5A700C4A6AC /* AppDelegate.swift in Sources */,
				36DC279423EAC5A700C4A6AC /* SceneDelegate.swift in Sources */,
			);
			runOnlyForDeploymentPostprocessing = 0;
		};
/* End PBXSourcesBuildPhase section */

/* Begin PBXVariantGroup section */
		36DC279723EAC5A700C4A6AC /* Main.storyboard */ = {
			isa = PBXVariantGroup;
			children = (
				36DC279823EAC5A700C4A6AC /* Base */,
			);
			name = Main.storyboard;
			sourceTree = "<group>";
		};
		36DC279C23EAC5A800C4A6AC /* LaunchScreen.storyboard */ = {
			isa = PBXVariantGroup;
			children = (
				36DC279D23EAC5A800C4A6AC /* Base */,
			);
			name = LaunchScreen.storyboard;
			sourceTree = "<group>";
		};
/* End PBXVariantGroup section */

/* Begin XCBuildConfiguration section */
		36DC27A023EAC5A800C4A6AC /* Debug */ = {
			isa = XCBuildConfiguration;
			buildSettings = {
				ALWAYS_SEARCH_USER_PATHS = NO;
				CLANG_ANALYZER_NONNULL = YES;
				CLANG_ANALYZER_NUMBER_OBJECT_CONVERSION = YES_AGGRESSIVE;
				CLANG_CXX_LANGUAGE_STANDARD = "gnu++14";
				CLANG_CXX_LIBRARY = "libc++";
				CLANG_ENABLE_MODULES = YES;
				CLANG_ENABLE_OBJC_ARC = YES;
				CLANG_ENABLE_OBJC_WEAK = YES;
				CLANG_WARN_BLOCK_CAPTURE_AUTORELEASING = YES;
				CLANG_WARN_BOOL_CONVERSION = YES;
				CLANG_WARN_COMMA = YES;
				CLANG_WARN_CONSTANT_CONVERSION = YES;
				CLANG_WARN_DEPRECATED_OBJC_IMPLEMENTATIONS = YES;
				CLANG_WARN_DIRECT_OBJC_ISA_USAGE = YES_ERROR;
				CLANG_WARN_DOCUMENTATION_COMMENTS = YES;
				CLANG_WARN_EMPTY_BODY = YES;
				CLANG_WARN_ENUM_CONVERSION = YES;
				CLANG_WARN_INFINITE_RECURSION = YES;
				CLANG_WARN_INT_CONVERSION = YES;
				CLANG_WARN_NON_LITERAL_NULL_CONVERSION = YES;
				CLANG_WARN_OBJC_IMPLICIT_RETAIN_SELF = YES;
				CLANG_WARN_OBJC_LITERAL_CONVERSION = YES;
				CLANG_WARN_OBJC_ROOT_CLASS = YES_ERROR;
				CLANG_WARN_RANGE_LOOP_ANALYSIS = YES;
				CLANG_WARN_STRICT_PROTOTYPES = YES;
				CLANG_WARN_SUSPICIOUS_MOVE = YES;
				CLANG_WARN_UNGUARDED_AVAILABILITY = YES_AGGRESSIVE;
				CLANG_WARN_UNREACHABLE_CODE = YES;
				CLANG_WARN__DUPLICATE_METHOD_MATCH = YES;
				COPY_PHASE_STRIP = NO;
				DEBUG_INFORMATION_FORMAT = dwarf;
				ENABLE_STRICT_OBJC_MSGSEND = YES;
				ENABLE_TESTABILITY = YES;
				GCC_C_LANGUAGE_STANDARD = gnu11;
				GCC_DYNAMIC_NO_PIC = NO;
				GCC_NO_COMMON_BLOCKS = YES;
				GCC_OPTIMIZATION_LEVEL = 0;
				GCC_PREPROCESSOR_DEFINITIONS = (
					"DEBUG=1",
					"$(inherited)",
				);
				GCC_WARN_64_TO_32_BIT_CONVERSION = YES;
				GCC_WARN_ABOUT_RETURN_TYPE = YES_ERROR;
				GCC_WARN_UNDECLARED_SELECTOR = YES;
				GCC_WARN_UNINITIALIZED_AUTOS = YES_AGGRESSIVE;
				GCC_WARN_UNUSED_FUNCTION = YES;
				GCC_WARN_UNUSED_VARIABLE = YES;
				IPHONEOS_DEPLOYMENT_TARGET = 13.2;
				MTL_ENABLE_DEBUG_INFO = INCLUDE_SOURCE;
				MTL_FAST_MATH = YES;
				ONLY_ACTIVE_ARCH = YES;
				SDKROOT = iphoneos;
				SWIFT_ACTIVE_COMPILATION_CONDITIONS = DEBUG;
				SWIFT_OPTIMIZATION_LEVEL = "-Onone";
			};
			name = Debug;
		};
		36DC27A123EAC5A800C4A6AC /* Release */ = {
			isa = XCBuildConfiguration;
			buildSettings = {
				ALWAYS_SEARCH_USER_PATHS = NO;
				CLANG_ANALYZER_NONNULL = YES;
				CLANG_ANALYZER_NUMBER_OBJECT_CONVERSION = YES_AGGRESSIVE;
				CLANG_CXX_LANGUAGE_STANDARD = "gnu++14";
				CLANG_CXX_LIBRARY = "libc++";
				CLANG_ENABLE_MODULES = YES;
				CLANG_ENABLE_OBJC_ARC = YES;
				CLANG_ENABLE_OBJC_WEAK = YES;
				CLANG_WARN_BLOCK_CAPTURE_AUTORELEASING = YES;
				CLANG_WARN_BOOL_CONVERSION = YES;
				CLANG_WARN_COMMA = YES;
				CLANG_WARN_CONSTANT_CONVERSION = YES;
				CLANG_WARN_DEPRECATED_OBJC_IMPLEMENTATIONS = YES;
				CLANG_WARN_DIRECT_OBJC_ISA_USAGE = YES_ERROR;
				CLANG_WARN_DOCUMENTATION_COMMENTS = YES;
				CLANG_WARN_EMPTY_BODY = YES;
				CLANG_WARN_ENUM_CONVERSION = YES;
				CLANG_WARN_INFINITE_RECURSION = YES;
				CLANG_WARN_INT_CONVERSION = YES;
				CLANG_WARN_NON_LITERAL_NULL_CONVERSION = YES;
				CLANG_WARN_OBJC_IMPLICIT_RETAIN_SELF = YES;
				CLANG_WARN_OBJC_LITERAL_CONVERSION = YES;
				CLANG_WARN_OBJC_ROOT_CLASS = YES_ERROR;
				CLANG_WARN_RANGE_LOOP_ANALYSIS = YES;
				CLANG_WARN_STRICT_PROTOTYPES = YES;
				CLANG_WARN_SUSPICIOUS_MOVE = YES;
				CLANG_WARN_UNGUARDED_AVAILABILITY = YES_AGGRESSIVE;
				CLANG_WARN_UNREACHABLE_CODE = YES;
				CLANG_WARN__DUPLICATE_METHOD_MATCH = YES;
				COPY_PHASE_STRIP = NO;
				DEBUG_INFORMATION_FORMAT = "dwarf-with-dsym";
				ENABLE_NS_ASSERTIONS = NO;
				ENABLE_STRICT_OBJC_MSGSEND = YES;
				GCC_C_LANGUAGE_STANDARD = gnu11;
				GCC_NO_COMMON_BLOCKS = YES;
				GCC_WARN_64_TO_32_BIT_CONVERSION = YES;
				GCC_WARN_ABOUT_RETURN_TYPE = YES_ERROR;
				GCC_WARN_UNDECLARED_SELECTOR = YES;
				GCC_WARN_UNINITIALIZED_AUTOS = YES_AGGRESSIVE;
				GCC_WARN_UNUSED_FUNCTION = YES;
				GCC_WARN_UNUSED_VARIABLE = YES;
				IPHONEOS_DEPLOYMENT_TARGET = 13.2;
				MTL_ENABLE_DEBUG_INFO = NO;
				MTL_FAST_MATH = YES;
				SDKROOT = iphoneos;
				SWIFT_COMPILATION_MODE = wholemodule;
				SWIFT_OPTIMIZATION_LEVEL = "-O";
				VALIDATE_PRODUCT = YES;
			};
			name = Release;
		};
		36DC27A323EAC5A800C4A6AC /* Debug */ = {
			isa = XCBuildConfiguration;
			buildSettings = {
				ASSETCATALOG_COMPILER_APPICON_NAME = AppIcon;
				CODE_SIGN_STYLE = Automatic;
				DEVELOPMENT_TEAM = 6WB5V8NBJ5;
				INFOPLIST_FILE = AddRowToTableView/Info.plist;
				LD_RUNPATH_SEARCH_PATHS = (
					"$(inherited)",
					"@executable_path/Frameworks",
				);
				PRODUCT_BUNDLE_IDENTIFIER = com.programmingwithswift.AddRowToTableView;
				PRODUCT_NAME = "$(TARGET_NAME)";
				SWIFT_VERSION = 5.0;
				TARGETED_DEVICE_FAMILY = "1,2";
			};
			name = Debug;
		};
		36DC27A423EAC5A800C4A6AC /* Release */ = {
			isa = XCBuildConfiguration;
			buildSettings = {
				ASSETCATALOG_COMPILER_APPICON_NAME = AppIcon;
				CODE_SIGN_STYLE = Automatic;
				DEVELOPMENT_TEAM = 6WB5V8NBJ5;
				INFOPLIST_FILE = AddRowToTableView/Info.plist;
				LD_RUNPATH_SEARCH_PATHS = (
					"$(inherited)",
					"@executable_path/Frameworks",
				);
				PRODUCT_BUNDLE_IDENTIFIER = com.programmingwithswift.AddRowToTableView;
				PRODUCT_NAME = "$(TARGET_NAME)";
				SWIFT_VERSION = 5.0;
				TARGETED_DEVICE_FAMILY = "1,2";
			};
			name = Release;
		};
/* End XCBuildConfiguration section */

/* Begin XCConfigurationList section */
		36DC278923EAC5A700C4A6AC /* Build configuration list for PBXProject "AddRowToTableView" */ = {
			isa = XCConfigurationList;
			buildConfigurations = (
				36DC27A023EAC5A800C4A6AC /* Debug */,
				36DC27A123EAC5A800C4A6AC /* Release */,
			);
			defaultConfigurationIsVisible = 0;
			defaultConfigurationName = Release;
		};
		36DC27A223EAC5A800C4A6AC /* Build configuration list for PBXNativeTarget "AddRowToTableView" */ = {
			isa = XCConfigurationList;
			buildConfigurations = (
				36DC27A323EAC5A800C4A6AC /* Debug */,
				36DC27A423EAC5A800C4A6AC /* Release */,
			);
			defaultConfigurationIsVisible = 0;
			defaultConfigurationName = Release;
		};
/* End XCConfigurationList section */
	};
	rootObject = 36DC278623EAC5A700C4A6AC /* Project object */;
}
